{
  "name": "gitdirdown",
  "version": "0.0.5",
  "lockfileVersion": 3,
  "requires": true,
  "packages": {
    "": {
      "name": "gitdirdown",
      "version": "0.0.5",
      "license": "MIT",
      "dependencies": {
        "commander": "^2.15.1"
      },
      "bin": {
        "gitdirdown": "bin/gitdirdown.js"
      }
    },
    "node_modules/commander": {
      "version": "2.15.1",
      "resolved": "http://registry.npm.taobao.org/commander/download/commander-2.15.1.tgz",
      "integrity": "sha1-30boZ9D8Kuxmo0ZitAapzK//Ww8="
    }
  }
}
